
Microsoft Visual Studio Solution File, Format Version 12.00
# Visual Studio 15
VisualStudioVersion = 15.0.27703.2042
MinimumVisualStudioVersion = 10.0.40219.1
Project("{2150E333-8FDC-42A3-9474-1A3956D46DE8}") = "Common Infrustructure", "Common Infrustructure", "{EBC1CD96-8733-49EA-96BC-35E4223D140C}"
EndProject
Project("{9A19103F-16F7-4668-BE54-9A1E7A4F7556}") = "NFine.Web", "NFine.Web\NFine.Web.csproj", "{FAEA67B5-0E64-4AAA-92AD-C4173471F6AF}"
EndProject
Project("{2150E333-8FDC-42A3-9474-1A3956D46DE8}") = "DomainApplication", "DomainApplication", "{DC6C5D8F-18A3-4C6D-ACA6-F48F6AD3DE80}"
EndProject
Project("{FAE04EC0-301F-11D3-BF4B-00C04F79EFBC}") = "NFine.Repository", "NFine.Repository\NFine.Repository.csproj", "{59A74101-319E-4D8D-A091-82F396668AD1}"
EndProject
Project("{9A19103F-16F7-4668-BE54-9A1E7A4F7556}") = "NFine.Code", "NFine.Code\NFine.Code.csproj", "{4C8A534E-323E-4236-B6B6-08B4611AA43F}"
EndProject
Project("{9A19103F-16F7-4668-BE54-9A1E7A4F7556}") = "NFine.Data", "NFine.Data\NFine.Data.csproj", "{9F6C5A98-FABC-48AF-8489-FDAE699297A7}"
EndProject
Project("{9A19103F-16F7-4668-BE54-9A1E7A4F7556}") = "NFine.Domain", "NFine.Domain\NFine.Domain.csproj", "{32115758-8E05-4DAD-90E9-8DBC9F1DEBF1}"
EndProject
Project("{FAE04EC0-301F-11D3-BF4B-00C04F79EFBC}") = "NFine.Mapping", "NFine.Mapping\NFine.Mapping.csproj", "{1F16C148-589B-4D95-8AAC-98569DFA0FCE}"
EndProject
Global
	GlobalSection(SolutionConfigurationPlatforms) = preSolution
		Debug|Any CPU = Debug|Any CPU
		Release|Any CPU = Release|Any CPU
	EndGlobalSection
	GlobalSection(ProjectConfigurationPlatforms) = postSolution
		{FAEA67B5-0E64-4AAA-92AD-C4173471F6AF}.Debug|Any CPU.ActiveCfg = Debug|Any CPU
		{FAEA67B5-0E64-4AAA-92AD-C4173471F6AF}.Debug|Any CPU.Build.0 = Debug|Any CPU
		{FAEA67B5-0E64-4AAA-92AD-C4173471F6AF}.Release|Any CPU.ActiveCfg = Release|Any CPU
		{FAEA67B5-0E64-4AAA-92AD-C4173471F6AF}.Release|Any CPU.Build.0 = Release|Any CPU
		{59A74101-319E-4D8D-A091-82F396668AD1}.Debug|Any CPU.ActiveCfg = Debug|Any CPU
		{59A74101-319E-4D8D-A091-82F396668AD1}.Debug|Any CPU.Build.0 = Debug|Any CPU
		{59A74101-319E-4D8D-A091-82F396668AD1}.Release|Any CPU.ActiveCfg = Release|Any CPU
		{59A74101-319E-4D8D-A091-82F396668AD1}.Release|Any CPU.Build.0 = Release|Any CPU
		{4C8A534E-323E-4236-B6B6-08B4611AA43F}.Debug|Any CPU.ActiveCfg = Debug|Any CPU
		{4C8A534E-323E-4236-B6B6-08B4611AA43F}.Debug|Any CPU.Build.0 = Debug|Any CPU
		{4C8A534E-323E-4236-B6B6-08B4611AA43F}.Release|Any CPU.ActiveCfg = Release|Any CPU
		{4C8A534E-323E-4236-B6B6-08B4611AA43F}.Release|Any CPU.Build.0 = Release|Any CPU
		{9F6C5A98-FABC-48AF-8489-FDAE699297A7}.Debug|Any CPU.ActiveCfg = Debug|Any CPU
		{9F6C5A98-FABC-48AF-8489-FDAE699297A7}.Debug|Any CPU.Build.0 = Debug|Any CPU
		{9F6C5A98-FABC-48AF-8489-FDAE699297A7}.Release|Any CPU.ActiveCfg = Release|Any CPU
		{9F6C5A98-FABC-48AF-8489-FDAE699297A7}.Release|Any CPU.Build.0 = Release|Any CPU
		{32115758-8E05-4DAD-90E9-8DBC9F1DEBF1}.Debug|Any CPU.ActiveCfg = Debug|Any CPU
		{32115758-8E05-4DAD-90E9-8DBC9F1DEBF1}.Debug|Any CPU.Build.0 = Debug|Any CPU
		{32115758-8E05-4DAD-90E9-8DBC9F1DEBF1}.Release|Any CPU.ActiveCfg = Release|Any CPU
		{32115758-8E05-4DAD-90E9-8DBC9F1DEBF1}.Release|Any CPU.Build.0 = Release|Any CPU
		{1F16C148-589B-4D95-8AAC-98569DFA0FCE}.Debug|Any CPU.ActiveCfg = Debug|Any CPU
		{1F16C148-589B-4D95-8AAC-98569DFA0FCE}.Debug|Any CPU.Build.0 = Debug|Any CPU
		{1F16C148-589B-4D95-8AAC-98569DFA0FCE}.Release|Any CPU.ActiveCfg = Release|Any CPU
		{1F16C148-589B-4D95-8AAC-98569DFA0FCE}.Release|Any CPU.Build.0 = Release|Any CPU
	EndGlobalSection
	GlobalSection(SolutionProperties) = preSolution
		HideSolutionNode = FALSE
	EndGlobalSection
	GlobalSection(NestedProjects) = preSolution
		{59A74101-319E-4D8D-A091-82F396668AD1} = {DC6C5D8F-18A3-4C6D-ACA6-F48F6AD3DE80}
		{4C8A534E-323E-4236-B6B6-08B4611AA43F} = {EBC1CD96-8733-49EA-96BC-35E4223D140C}
		{9F6C5A98-FABC-48AF-8489-FDAE699297A7} = {EBC1CD96-8733-49EA-96BC-35E4223D140C}
		{32115758-8E05-4DAD-90E9-8DBC9F1DEBF1} = {DC6C5D8F-18A3-4C6D-ACA6-F48F6AD3DE80}
		{1F16C148-589B-4D95-8AAC-98569DFA0FCE} = {DC6C5D8F-18A3-4C6D-ACA6-F48F6AD3DE80}
	EndGlobalSection
	GlobalSection(ExtensibilityGlobals) = postSolution
		SolutionGuid = {2D7A2AAE-DB3C-4A62-9B08-E6787F0EA952}
	EndGlobalSection
EndGlobal
